---
location: suedblock
location_nice: Suedblock
latitude: 52.498599118
longitude: 13.416844010
contact_nickname: '365ff'
contacts:
  - '365ff [ät] systemli [dot] org'

location__ssh_keys__to_merge:
  - comment: narfpeng
    key: ssh-ed25519 AAAAC3NzaC1lZDI1NTE5AAAAIONSKWdP3O0EHQei5tLZwCzpXC1CxGVh3FsN1GVJ/c+d id@narf.peng

hosts:

  - hostname: suedblock-core
    role: corerouter
    model: "tplink_tl-wdr3600-v1"
    wireless_profile: freifunk_default
    dhcp_no_ping: false
    host__packages__to_merge:
      - -tunnelmanager
      - tunspace
      - wireguard-tools

ipv6_prefix: "2001:bf7:830:b100::/56"

networks:

  - vid: 42
    role: mgmt
    prefix: 10.31.15.196/32
    gateway: 1
    dns: 1
    ipv6_subprefix: 1
    assignments:
      suedblock-core: 1

  - vid: 40
    role: dhcp
    prefix: 10.31.172.128/25
    ipv6_subprefix: 0
    inbound_filtering: true
    enforce_client_isolation: true
    assignments:
      suedblock-core: 1

  - vid: 50
    role: uplink
    untagged: true

  - role: tunnel
    ifname: ts_wg0
    mtu: 1280
    prefix: 10.31.172.32/32
    wireguard_port: 51820

  - role: tunnel
    ifname: ts_wg1
    mtu: 1280
    prefix: 10.31.172.33/32
    wireguard_port: 51821
