---
location: suedblock
location_nice: Suedblock
latitude: 52.498599118
longitude: 13.416844010
contact_nickname: '365ff'
contacts:
  - '365ff [ät] systemli [dot] org'

location__ssh_keys__to_merge:
  - comment: narfpeng
    key: ssh-ed25519 AAAAC3NzaC1lZDI1NTE5AAAAIONSKWdP3O0EHQei5tLZwCzpXC1CxGVh3FsN1GVJ/c+d id@narf.peng

hosts:

  - hostname: suedblock-core
    role: corerouter
    model: "tplink_tl-wdr3600-v1"
    wireless_profile: freifunk_default
    dhcp_no_ping: false

ipv6_prefix: "2001:bf7:830:b100::/56"

networks:

  - vid: 42
    role: mgmt
    prefix: 10.31.15.196/32
    gateway: 1
    dns: 1
    ipv6_subprefix: 1
    assignments:
      suedblock-core: 1

  - vid: 40
    role: dhcp
    prefix: 10.31.172.128/25
    ipv6_subprefix: 0
    inbound_filtering: true
    enforce_client_isolation: true
    assignments:
      suedblock-core: 1

  - vid: 23
    role: uplink
    name: uplink
    untagged: true
    tunnel_wan_ip: 192.168.188.22/24
    tunnel_wan_gw: 192.168.188.1
    tunnel_timeout: 600
    tunnel_connections: 2
    tunnel_mesh_prefix_ipv4: 10.31.172.32/28
